
Microsoft Visual Studio Solution File, Format Version 12.00
# Visual Studio 14
VisualStudioVersion = 14.0.25420.1
MinimumVisualStudioVersion = 10.0.40219.1
Project("{8BC9CEB8-8B4A-11D0-8D11-00A0C91BC942}") = "HelloGitHub", "HelloGitHub\HelloGitHub.vcxproj", "{85DDE4C9-F96B-4316-A3A4-573852F754AA}"
EndProject
Project("{8BC9CEB8-8B4A-11D0-8D11-00A0C91BC942}") = "RandomEnergyGenerator", "RandomEnergyGenerator\RandomEnergyGenerator.vcxproj", "{F33DA6CD-2B9B-4B7C-9870-7F1F32DF127B}"
EndProject
Global
	GlobalSection(SolutionConfigurationPlatforms) = preSolution
		Debug|x64 = Debug|x64
		Debug|x86 = Debug|x86
		Release|x64 = Release|x64
		Release|x86 = Release|x86
	EndGlobalSection
	GlobalSection(ProjectConfigurationPlatforms) = postSolution
		{85DDE4C9-F96B-4316-A3A4-573852F754AA}.Debug|x64.ActiveCfg = Debug|x64
		{85DDE4C9-F96B-4316-A3A4-573852F754AA}.Debug|x64.Build.0 = Debug|x64
		{85DDE4C9-F96B-4316-A3A4-573852F754AA}.Debug|x86.ActiveCfg = Debug|Win32
		{85DDE4C9-F96B-4316-A3A4-573852F754AA}.Debug|x86.Build.0 = Debug|Win32
		{85DDE4C9-F96B-4316-A3A4-573852F754AA}.Release|x64.ActiveCfg = Release|x64
		{85DDE4C9-F96B-4316-A3A4-573852F754AA}.Release|x64.Build.0 = Release|x64
		{85DDE4C9-F96B-4316-A3A4-573852F754AA}.Release|x86.ActiveCfg = Release|Win32
		{85DDE4C9-F96B-4316-A3A4-573852F754AA}.Release|x86.Build.0 = Release|Win32
		{F33DA6CD-2B9B-4B7C-9870-7F1F32DF127B}.Debug|x64.ActiveCfg = Debug|x64
		{F33DA6CD-2B9B-4B7C-9870-7F1F32DF127B}.Debug|x64.Build.0 = Debug|x64
		{F33DA6CD-2B9B-4B7C-9870-7F1F32DF127B}.Debug|x86.ActiveCfg = Debug|Win32
		{F33DA6CD-2B9B-4B7C-9870-7F1F32DF127B}.Debug|x86.Build.0 = Debug|Win32
		{F33DA6CD-2B9B-4B7C-9870-7F1F32DF127B}.Release|x64.ActiveCfg = Release|x64
		{F33DA6CD-2B9B-4B7C-9870-7F1F32DF127B}.Release|x64.Build.0 = Release|x64
		{F33DA6CD-2B9B-4B7C-9870-7F1F32DF127B}.Release|x86.ActiveCfg = Release|Win32
		{F33DA6CD-2B9B-4B7C-9870-7F1F32DF127B}.Release|x86.Build.0 = Release|Win32
	EndGlobalSection
	GlobalSection(SolutionProperties) = preSolution
		HideSolutionNode = FALSE
	EndGlobalSection
EndGlobal
