
Microsoft Visual Studio Solution File, Format Version 12.00
# Visual Studio 14
VisualStudioVersion = 14.0.25420.1
MinimumVisualStudioVersion = 10.0.40219.1
Project("{8BC9CEB8-8B4A-11D0-8D11-00A0C91BC942}") = "HelloGitHub", "HelloGitHub\HelloGitHub.vcxproj", "{85DDE4C9-F96B-4316-A3A4-573852F754AA}"
EndProject
Project("{8BC9CEB8-8B4A-11D0-8D11-00A0C91BC942}") = "RandomEnergyGenerator", "RandomEnergyGenerator\RandomEnergyGenerator.vcxproj", "{F33DA6CD-2B9B-4B7C-9870-7F1F32DF127B}"
EndProject
Project("{8BC9CEB8-8B4A-11D0-8D11-00A0C91BC942}") = "TheWalkingDead", "TheWalkingDead\TheWalkingDead.vcxproj", "{726D4051-3DEC-4949-848B-580B8DC23D40}"
EndProject
Project("{8BC9CEB8-8B4A-11D0-8D11-00A0C91BC942}") = "DynArray", "DynArray\DynArray.vcxproj", "{B1AADC7F-6C57-4A81-A991-96A3DD42CCDF}"
EndProject
Project("{8BC9CEB8-8B4A-11D0-8D11-00A0C91BC942}") = "Testing", "Testing\Testing.vcxproj", "{2914ED13-0915-4041-B97E-F23EC3D10235}"
EndProject
Project("{8BC9CEB8-8B4A-11D0-8D11-00A0C91BC942}") = "VectorPruebas", "VectorPruebas\VectorPruebas.vcxproj", "{93187391-1130-420A-966B-C2B25378845C}"
EndProject
Project("{8BC9CEB8-8B4A-11D0-8D11-00A0C91BC942}") = "PlayerRanking", "PlayerRanking\PlayerRanking.vcxproj", "{B63AB1FF-4A3F-4E58-89B7-328318DBCA5B}"
EndProject
Project("{8BC9CEB8-8B4A-11D0-8D11-00A0C91BC942}") = "A08", "A08\A08.vcxproj", "{074D9E3C-014B-47A8-B5C0-330D1CFB698F}"
EndProject
Project("{8BC9CEB8-8B4A-11D0-8D11-00A0C91BC942}") = "Stacks", "Stacks\Stacks.vcxproj", "{E0BE75FE-CB20-4E84-9AB6-6B47F22E5075}"
EndProject
Project("{8BC9CEB8-8B4A-11D0-8D11-00A0C91BC942}") = "ImplementacionSTLPropio", "ImplementacionSTLPropio\ImplementacionSTLPropio.vcxproj", "{A9038243-8369-4774-A968-602FFE1313C1}"
EndProject
Project("{8BC9CEB8-8B4A-11D0-8D11-00A0C91BC942}") = "Lists", "Lists\Lists.vcxproj", "{5EB7547A-DDB0-4B8E-9325-8076CA442F1A}"
EndProject
Global
	GlobalSection(SolutionConfigurationPlatforms) = preSolution
		Debug|Any CPU = Debug|Any CPU
		Debug|ARM = Debug|ARM
		Debug|x64 = Debug|x64
		Debug|x86 = Debug|x86
		Release|Any CPU = Release|Any CPU
		Release|ARM = Release|ARM
		Release|x64 = Release|x64
		Release|x86 = Release|x86
	EndGlobalSection
	GlobalSection(ProjectConfigurationPlatforms) = postSolution
		{85DDE4C9-F96B-4316-A3A4-573852F754AA}.Debug|Any CPU.ActiveCfg = Debug|Win32
		{85DDE4C9-F96B-4316-A3A4-573852F754AA}.Debug|ARM.ActiveCfg = Debug|Win32
		{85DDE4C9-F96B-4316-A3A4-573852F754AA}.Debug|x64.ActiveCfg = Debug|x64
		{85DDE4C9-F96B-4316-A3A4-573852F754AA}.Debug|x64.Build.0 = Debug|x64
		{85DDE4C9-F96B-4316-A3A4-573852F754AA}.Debug|x86.ActiveCfg = Debug|Win32
		{85DDE4C9-F96B-4316-A3A4-573852F754AA}.Debug|x86.Build.0 = Debug|Win32
		{85DDE4C9-F96B-4316-A3A4-573852F754AA}.Release|Any CPU.ActiveCfg = Release|Win32
		{85DDE4C9-F96B-4316-A3A4-573852F754AA}.Release|ARM.ActiveCfg = Release|Win32
		{85DDE4C9-F96B-4316-A3A4-573852F754AA}.Release|x64.ActiveCfg = Release|x64
		{85DDE4C9-F96B-4316-A3A4-573852F754AA}.Release|x64.Build.0 = Release|x64
		{85DDE4C9-F96B-4316-A3A4-573852F754AA}.Release|x86.ActiveCfg = Release|Win32
		{85DDE4C9-F96B-4316-A3A4-573852F754AA}.Release|x86.Build.0 = Release|Win32
		{F33DA6CD-2B9B-4B7C-9870-7F1F32DF127B}.Debug|Any CPU.ActiveCfg = Debug|Win32
		{F33DA6CD-2B9B-4B7C-9870-7F1F32DF127B}.Debug|ARM.ActiveCfg = Debug|Win32
		{F33DA6CD-2B9B-4B7C-9870-7F1F32DF127B}.Debug|x64.ActiveCfg = Debug|x64
		{F33DA6CD-2B9B-4B7C-9870-7F1F32DF127B}.Debug|x64.Build.0 = Debug|x64
		{F33DA6CD-2B9B-4B7C-9870-7F1F32DF127B}.Debug|x86.ActiveCfg = Debug|Win32
		{F33DA6CD-2B9B-4B7C-9870-7F1F32DF127B}.Debug|x86.Build.0 = Debug|Win32
		{F33DA6CD-2B9B-4B7C-9870-7F1F32DF127B}.Release|Any CPU.ActiveCfg = Release|Win32
		{F33DA6CD-2B9B-4B7C-9870-7F1F32DF127B}.Release|ARM.ActiveCfg = Release|Win32
		{F33DA6CD-2B9B-4B7C-9870-7F1F32DF127B}.Release|x64.ActiveCfg = Release|x64
		{F33DA6CD-2B9B-4B7C-9870-7F1F32DF127B}.Release|x64.Build.0 = Release|x64
		{F33DA6CD-2B9B-4B7C-9870-7F1F32DF127B}.Release|x86.ActiveCfg = Release|Win32
		{F33DA6CD-2B9B-4B7C-9870-7F1F32DF127B}.Release|x86.Build.0 = Release|Win32
		{726D4051-3DEC-4949-848B-580B8DC23D40}.Debug|Any CPU.ActiveCfg = Debug|Win32
		{726D4051-3DEC-4949-848B-580B8DC23D40}.Debug|ARM.ActiveCfg = Debug|Win32
		{726D4051-3DEC-4949-848B-580B8DC23D40}.Debug|x64.ActiveCfg = Debug|x64
		{726D4051-3DEC-4949-848B-580B8DC23D40}.Debug|x64.Build.0 = Debug|x64
		{726D4051-3DEC-4949-848B-580B8DC23D40}.Debug|x86.ActiveCfg = Debug|Win32
		{726D4051-3DEC-4949-848B-580B8DC23D40}.Debug|x86.Build.0 = Debug|Win32
		{726D4051-3DEC-4949-848B-580B8DC23D40}.Release|Any CPU.ActiveCfg = Release|Win32
		{726D4051-3DEC-4949-848B-580B8DC23D40}.Release|ARM.ActiveCfg = Release|Win32
		{726D4051-3DEC-4949-848B-580B8DC23D40}.Release|x64.ActiveCfg = Release|x64
		{726D4051-3DEC-4949-848B-580B8DC23D40}.Release|x64.Build.0 = Release|x64
		{726D4051-3DEC-4949-848B-580B8DC23D40}.Release|x86.ActiveCfg = Release|Win32
		{726D4051-3DEC-4949-848B-580B8DC23D40}.Release|x86.Build.0 = Release|Win32
		{B1AADC7F-6C57-4A81-A991-96A3DD42CCDF}.Debug|Any CPU.ActiveCfg = Debug|Win32
		{B1AADC7F-6C57-4A81-A991-96A3DD42CCDF}.Debug|ARM.ActiveCfg = Debug|Win32
		{B1AADC7F-6C57-4A81-A991-96A3DD42CCDF}.Debug|x64.ActiveCfg = Debug|x64
		{B1AADC7F-6C57-4A81-A991-96A3DD42CCDF}.Debug|x64.Build.0 = Debug|x64
		{B1AADC7F-6C57-4A81-A991-96A3DD42CCDF}.Debug|x86.ActiveCfg = Debug|Win32
		{B1AADC7F-6C57-4A81-A991-96A3DD42CCDF}.Debug|x86.Build.0 = Debug|Win32
		{B1AADC7F-6C57-4A81-A991-96A3DD42CCDF}.Release|Any CPU.ActiveCfg = Release|Win32
		{B1AADC7F-6C57-4A81-A991-96A3DD42CCDF}.Release|ARM.ActiveCfg = Release|Win32
		{B1AADC7F-6C57-4A81-A991-96A3DD42CCDF}.Release|x64.ActiveCfg = Release|x64
		{B1AADC7F-6C57-4A81-A991-96A3DD42CCDF}.Release|x64.Build.0 = Release|x64
		{B1AADC7F-6C57-4A81-A991-96A3DD42CCDF}.Release|x86.ActiveCfg = Release|Win32
		{B1AADC7F-6C57-4A81-A991-96A3DD42CCDF}.Release|x86.Build.0 = Release|Win32
		{2914ED13-0915-4041-B97E-F23EC3D10235}.Debug|Any CPU.ActiveCfg = Debug|Win32
		{2914ED13-0915-4041-B97E-F23EC3D10235}.Debug|ARM.ActiveCfg = Debug|Win32
		{2914ED13-0915-4041-B97E-F23EC3D10235}.Debug|x64.ActiveCfg = Debug|x64
		{2914ED13-0915-4041-B97E-F23EC3D10235}.Debug|x64.Build.0 = Debug|x64
		{2914ED13-0915-4041-B97E-F23EC3D10235}.Debug|x86.ActiveCfg = Debug|Win32
		{2914ED13-0915-4041-B97E-F23EC3D10235}.Debug|x86.Build.0 = Debug|Win32
		{2914ED13-0915-4041-B97E-F23EC3D10235}.Release|Any CPU.ActiveCfg = Release|Win32
		{2914ED13-0915-4041-B97E-F23EC3D10235}.Release|ARM.ActiveCfg = Release|Win32
		{2914ED13-0915-4041-B97E-F23EC3D10235}.Release|x64.ActiveCfg = Release|x64
		{2914ED13-0915-4041-B97E-F23EC3D10235}.Release|x64.Build.0 = Release|x64
		{2914ED13-0915-4041-B97E-F23EC3D10235}.Release|x86.ActiveCfg = Release|Win32
		{2914ED13-0915-4041-B97E-F23EC3D10235}.Release|x86.Build.0 = Release|Win32
		{93187391-1130-420A-966B-C2B25378845C}.Debug|Any CPU.ActiveCfg = Debug|Win32
		{93187391-1130-420A-966B-C2B25378845C}.Debug|ARM.ActiveCfg = Debug|Win32
		{93187391-1130-420A-966B-C2B25378845C}.Debug|x64.ActiveCfg = Debug|x64
		{93187391-1130-420A-966B-C2B25378845C}.Debug|x64.Build.0 = Debug|x64
		{93187391-1130-420A-966B-C2B25378845C}.Debug|x86.ActiveCfg = Debug|Win32
		{93187391-1130-420A-966B-C2B25378845C}.Debug|x86.Build.0 = Debug|Win32
		{93187391-1130-420A-966B-C2B25378845C}.Release|Any CPU.ActiveCfg = Release|Win32
		{93187391-1130-420A-966B-C2B25378845C}.Release|ARM.ActiveCfg = Release|Win32
		{93187391-1130-420A-966B-C2B25378845C}.Release|x64.ActiveCfg = Release|x64
		{93187391-1130-420A-966B-C2B25378845C}.Release|x64.Build.0 = Release|x64
		{93187391-1130-420A-966B-C2B25378845C}.Release|x86.ActiveCfg = Release|Win32
		{93187391-1130-420A-966B-C2B25378845C}.Release|x86.Build.0 = Release|Win32
		{B63AB1FF-4A3F-4E58-89B7-328318DBCA5B}.Debug|Any CPU.ActiveCfg = Debug|Win32
		{B63AB1FF-4A3F-4E58-89B7-328318DBCA5B}.Debug|ARM.ActiveCfg = Debug|Win32
		{B63AB1FF-4A3F-4E58-89B7-328318DBCA5B}.Debug|x64.ActiveCfg = Debug|x64
		{B63AB1FF-4A3F-4E58-89B7-328318DBCA5B}.Debug|x64.Build.0 = Debug|x64
		{B63AB1FF-4A3F-4E58-89B7-328318DBCA5B}.Debug|x86.ActiveCfg = Debug|Win32
		{B63AB1FF-4A3F-4E58-89B7-328318DBCA5B}.Debug|x86.Build.0 = Debug|Win32
		{B63AB1FF-4A3F-4E58-89B7-328318DBCA5B}.Release|Any CPU.ActiveCfg = Release|Win32
		{B63AB1FF-4A3F-4E58-89B7-328318DBCA5B}.Release|ARM.ActiveCfg = Release|Win32
		{B63AB1FF-4A3F-4E58-89B7-328318DBCA5B}.Release|x64.ActiveCfg = Release|x64
		{B63AB1FF-4A3F-4E58-89B7-328318DBCA5B}.Release|x64.Build.0 = Release|x64
		{B63AB1FF-4A3F-4E58-89B7-328318DBCA5B}.Release|x86.ActiveCfg = Release|Win32
		{B63AB1FF-4A3F-4E58-89B7-328318DBCA5B}.Release|x86.Build.0 = Release|Win32
		{074D9E3C-014B-47A8-B5C0-330D1CFB698F}.Debug|Any CPU.ActiveCfg = Debug|Win32
		{074D9E3C-014B-47A8-B5C0-330D1CFB698F}.Debug|ARM.ActiveCfg = Debug|Win32
		{074D9E3C-014B-47A8-B5C0-330D1CFB698F}.Debug|x64.ActiveCfg = Debug|x64
		{074D9E3C-014B-47A8-B5C0-330D1CFB698F}.Debug|x64.Build.0 = Debug|x64
		{074D9E3C-014B-47A8-B5C0-330D1CFB698F}.Debug|x86.ActiveCfg = Debug|Win32
		{074D9E3C-014B-47A8-B5C0-330D1CFB698F}.Debug|x86.Build.0 = Debug|Win32
		{074D9E3C-014B-47A8-B5C0-330D1CFB698F}.Release|Any CPU.ActiveCfg = Release|Win32
		{074D9E3C-014B-47A8-B5C0-330D1CFB698F}.Release|ARM.ActiveCfg = Release|Win32
		{074D9E3C-014B-47A8-B5C0-330D1CFB698F}.Release|x64.ActiveCfg = Release|x64
		{074D9E3C-014B-47A8-B5C0-330D1CFB698F}.Release|x64.Build.0 = Release|x64
		{074D9E3C-014B-47A8-B5C0-330D1CFB698F}.Release|x86.ActiveCfg = Release|Win32
		{074D9E3C-014B-47A8-B5C0-330D1CFB698F}.Release|x86.Build.0 = Release|Win32
		{E0BE75FE-CB20-4E84-9AB6-6B47F22E5075}.Debug|Any CPU.ActiveCfg = Debug|Win32
		{E0BE75FE-CB20-4E84-9AB6-6B47F22E5075}.Debug|ARM.ActiveCfg = Debug|Win32
		{E0BE75FE-CB20-4E84-9AB6-6B47F22E5075}.Debug|x64.ActiveCfg = Debug|x64
		{E0BE75FE-CB20-4E84-9AB6-6B47F22E5075}.Debug|x64.Build.0 = Debug|x64
		{E0BE75FE-CB20-4E84-9AB6-6B47F22E5075}.Debug|x86.ActiveCfg = Debug|Win32
		{E0BE75FE-CB20-4E84-9AB6-6B47F22E5075}.Debug|x86.Build.0 = Debug|Win32
		{E0BE75FE-CB20-4E84-9AB6-6B47F22E5075}.Release|Any CPU.ActiveCfg = Release|Win32
		{E0BE75FE-CB20-4E84-9AB6-6B47F22E5075}.Release|ARM.ActiveCfg = Release|Win32
		{E0BE75FE-CB20-4E84-9AB6-6B47F22E5075}.Release|x64.ActiveCfg = Release|x64
		{E0BE75FE-CB20-4E84-9AB6-6B47F22E5075}.Release|x64.Build.0 = Release|x64
		{E0BE75FE-CB20-4E84-9AB6-6B47F22E5075}.Release|x86.ActiveCfg = Release|Win32
		{E0BE75FE-CB20-4E84-9AB6-6B47F22E5075}.Release|x86.Build.0 = Release|Win32
		{A9038243-8369-4774-A968-602FFE1313C1}.Debug|Any CPU.ActiveCfg = Debug|Win32
		{A9038243-8369-4774-A968-602FFE1313C1}.Debug|ARM.ActiveCfg = Debug|Win32
		{A9038243-8369-4774-A968-602FFE1313C1}.Debug|x64.ActiveCfg = Debug|x64
		{A9038243-8369-4774-A968-602FFE1313C1}.Debug|x64.Build.0 = Debug|x64
		{A9038243-8369-4774-A968-602FFE1313C1}.Debug|x86.ActiveCfg = Debug|Win32
		{A9038243-8369-4774-A968-602FFE1313C1}.Debug|x86.Build.0 = Debug|Win32
		{A9038243-8369-4774-A968-602FFE1313C1}.Release|Any CPU.ActiveCfg = Release|Win32
		{A9038243-8369-4774-A968-602FFE1313C1}.Release|ARM.ActiveCfg = Release|Win32
		{A9038243-8369-4774-A968-602FFE1313C1}.Release|x64.ActiveCfg = Release|x64
		{A9038243-8369-4774-A968-602FFE1313C1}.Release|x64.Build.0 = Release|x64
		{A9038243-8369-4774-A968-602FFE1313C1}.Release|x86.ActiveCfg = Release|Win32
		{A9038243-8369-4774-A968-602FFE1313C1}.Release|x86.Build.0 = Release|Win32
		{5EB7547A-DDB0-4B8E-9325-8076CA442F1A}.Debug|Any CPU.ActiveCfg = Debug|Win32
		{5EB7547A-DDB0-4B8E-9325-8076CA442F1A}.Debug|ARM.ActiveCfg = Debug|Win32
		{5EB7547A-DDB0-4B8E-9325-8076CA442F1A}.Debug|x64.ActiveCfg = Debug|x64
		{5EB7547A-DDB0-4B8E-9325-8076CA442F1A}.Debug|x64.Build.0 = Debug|x64
		{5EB7547A-DDB0-4B8E-9325-8076CA442F1A}.Debug|x86.ActiveCfg = Debug|Win32
		{5EB7547A-DDB0-4B8E-9325-8076CA442F1A}.Debug|x86.Build.0 = Debug|Win32
		{5EB7547A-DDB0-4B8E-9325-8076CA442F1A}.Release|Any CPU.ActiveCfg = Release|Win32
		{5EB7547A-DDB0-4B8E-9325-8076CA442F1A}.Release|ARM.ActiveCfg = Release|Win32
		{5EB7547A-DDB0-4B8E-9325-8076CA442F1A}.Release|x64.ActiveCfg = Release|x64
		{5EB7547A-DDB0-4B8E-9325-8076CA442F1A}.Release|x64.Build.0 = Release|x64
		{5EB7547A-DDB0-4B8E-9325-8076CA442F1A}.Release|x86.ActiveCfg = Release|Win32
		{5EB7547A-DDB0-4B8E-9325-8076CA442F1A}.Release|x86.Build.0 = Release|Win32
	EndGlobalSection
	GlobalSection(SolutionProperties) = preSolution
		HideSolutionNode = FALSE
	EndGlobalSection
EndGlobal
